
Microsoft Visual Studio Solution File, Format Version 12.00
# Visual Studio Version 17
VisualStudioVersion = 17.10.35013.160
MinimumVisualStudioVersion = 10.0.40219.1
Project("{9A19103F-16F7-4668-BE54-9A1E7A4F7556}") = "Contato.Api", "src\Contato.Api\Contato.Api.csproj", "{73B1DAD4-E456-4EF1-AC13-ED00917161E7}"
EndProject
Project("{9A19103F-16F7-4668-BE54-9A1E7A4F7556}") = "Contato.Domain", "src\Contato.Domain\Contato.Domain.csproj", "{E05F49AC-AB87-44CF-A7DB-D882A6BFCF8A}"
EndProject
Project("{9A19103F-16F7-4668-BE54-9A1E7A4F7556}") = "Contato.Infra", "src\Contato.Infra\Contato.Infra.csproj", "{D7B16F75-39DD-4718-9CF7-D15F35BCC2AD}"
EndProject
Project("{9A19103F-16F7-4668-BE54-9A1E7A4F7556}") = "Contato.UnitTests", "tests\Contato.UnitTests\Contato.UnitTests.csproj", "{27DD6C82-22BE-45EE-96D0-C6A16AA1D485}"
EndProject
Project("{2150E333-8FDC-42A3-9474-1A3956D46DE8}") = "docker", "docker", "{71292E15-A350-49D1-AEBF-42DAAF3DEDC9}"
	ProjectSection(SolutionItems) = preProject
		docker-compose.yml = docker-compose.yml
		Dockerfile = Dockerfile
	EndProjectSection
EndProject
Project("{2150E333-8FDC-42A3-9474-1A3956D46DE8}") = "src", "src", "{7C218A86-81F6-47D0-B1D2-DB82D12E84B5}"
EndProject
Project("{2150E333-8FDC-42A3-9474-1A3956D46DE8}") = "tests", "tests", "{DB402053-994A-4E92-B13D-8B60A74C2943}"
EndProject
Project("{9A19103F-16F7-4668-BE54-9A1E7A4F7556}") = "Contato.Application", "src\Contato.Application\Contato.Application.csproj", "{CE45EA76-141D-4C01-AA6C-A67D9F8E95AE}"
EndProject
Project("{9A19103F-16F7-4668-BE54-9A1E7A4F7556}") = "Contato.IntegrationTests", "tests\Contato.IntegrationTests\Contato.IntegrationTests.csproj", "{6869D4E7-CD5C-440D-B3AF-E854CBFB6F2F}"
EndProject
Project("{2150E333-8FDC-42A3-9474-1A3956D46DE8}") = "K8s", "K8s", "{9957B67D-8887-4CD1-A277-BB0B3888F108}"
	ProjectSection(SolutionItems) = preProject
		configmap.yaml = configmap.yaml
	EndProjectSection
EndProject
Project("{2150E333-8FDC-42A3-9474-1A3956D46DE8}") = "services", "services", "{D8C8B0C7-0F41-4526-94D8-461B366CDB67}"
	ProjectSection(SolutionItems) = preProject
		contato-service.yml = contato-service.yml
		rabbitmq-service.yaml = rabbitmq-service.yaml
		sqlserver-service.yaml = sqlserver-service.yaml
	EndProjectSection
EndProject
Project("{2150E333-8FDC-42A3-9474-1A3956D46DE8}") = "volume", "volume", "{3E817522-48B3-4692-978C-6C43051F3BE0}"
	ProjectSection(SolutionItems) = preProject
		pv.yaml = pv.yaml
		pvc.yaml = pvc.yaml
	EndProjectSection
EndProject
Project("{2150E333-8FDC-42A3-9474-1A3956D46DE8}") = "pod", "pod", "{B5B71559-16FD-40BA-8192-B43FB7B5A613}"
	ProjectSection(SolutionItems) = preProject
		contato-replicaset.yaml = contato-replicaset.yaml
		rabbitmq-pod.yaml = rabbitmq-pod.yaml
	EndProjectSection
EndProject
Project("{2150E333-8FDC-42A3-9474-1A3956D46DE8}") = "deployment", "deployment", "{4277B664-D599-4845-BE82-C254D4BB68CB}"
	ProjectSection(SolutionItems) = preProject
		contato-deployment.yaml = contato-deployment.yaml
		rabbitmq-deployment.yaml = rabbitmq-deployment.yaml
		sqlserver-deployment.yaml = sqlserver-deployment.yaml
	EndProjectSection
EndProject
Global
	GlobalSection(SolutionConfigurationPlatforms) = preSolution
		Debug|Any CPU = Debug|Any CPU
		Release|Any CPU = Release|Any CPU
	EndGlobalSection
	GlobalSection(ProjectConfigurationPlatforms) = postSolution
		{73B1DAD4-E456-4EF1-AC13-ED00917161E7}.Debug|Any CPU.ActiveCfg = Debug|Any CPU
		{73B1DAD4-E456-4EF1-AC13-ED00917161E7}.Debug|Any CPU.Build.0 = Debug|Any CPU
		{73B1DAD4-E456-4EF1-AC13-ED00917161E7}.Release|Any CPU.ActiveCfg = Release|Any CPU
		{73B1DAD4-E456-4EF1-AC13-ED00917161E7}.Release|Any CPU.Build.0 = Release|Any CPU
		{E05F49AC-AB87-44CF-A7DB-D882A6BFCF8A}.Debug|Any CPU.ActiveCfg = Debug|Any CPU
		{E05F49AC-AB87-44CF-A7DB-D882A6BFCF8A}.Debug|Any CPU.Build.0 = Debug|Any CPU
		{E05F49AC-AB87-44CF-A7DB-D882A6BFCF8A}.Release|Any CPU.ActiveCfg = Release|Any CPU
		{E05F49AC-AB87-44CF-A7DB-D882A6BFCF8A}.Release|Any CPU.Build.0 = Release|Any CPU
		{D7B16F75-39DD-4718-9CF7-D15F35BCC2AD}.Debug|Any CPU.ActiveCfg = Debug|Any CPU
		{D7B16F75-39DD-4718-9CF7-D15F35BCC2AD}.Debug|Any CPU.Build.0 = Debug|Any CPU
		{D7B16F75-39DD-4718-9CF7-D15F35BCC2AD}.Release|Any CPU.ActiveCfg = Release|Any CPU
		{D7B16F75-39DD-4718-9CF7-D15F35BCC2AD}.Release|Any CPU.Build.0 = Release|Any CPU
		{27DD6C82-22BE-45EE-96D0-C6A16AA1D485}.Debug|Any CPU.ActiveCfg = Debug|Any CPU
		{27DD6C82-22BE-45EE-96D0-C6A16AA1D485}.Debug|Any CPU.Build.0 = Debug|Any CPU
		{27DD6C82-22BE-45EE-96D0-C6A16AA1D485}.Release|Any CPU.ActiveCfg = Release|Any CPU
		{27DD6C82-22BE-45EE-96D0-C6A16AA1D485}.Release|Any CPU.Build.0 = Release|Any CPU
		{CE45EA76-141D-4C01-AA6C-A67D9F8E95AE}.Debug|Any CPU.ActiveCfg = Debug|Any CPU
		{CE45EA76-141D-4C01-AA6C-A67D9F8E95AE}.Debug|Any CPU.Build.0 = Debug|Any CPU
		{CE45EA76-141D-4C01-AA6C-A67D9F8E95AE}.Release|Any CPU.ActiveCfg = Release|Any CPU
		{CE45EA76-141D-4C01-AA6C-A67D9F8E95AE}.Release|Any CPU.Build.0 = Release|Any CPU
		{6869D4E7-CD5C-440D-B3AF-E854CBFB6F2F}.Debug|Any CPU.ActiveCfg = Debug|Any CPU
		{6869D4E7-CD5C-440D-B3AF-E854CBFB6F2F}.Debug|Any CPU.Build.0 = Debug|Any CPU
		{6869D4E7-CD5C-440D-B3AF-E854CBFB6F2F}.Release|Any CPU.ActiveCfg = Release|Any CPU
		{6869D4E7-CD5C-440D-B3AF-E854CBFB6F2F}.Release|Any CPU.Build.0 = Release|Any CPU
	EndGlobalSection
	GlobalSection(SolutionProperties) = preSolution
		HideSolutionNode = FALSE
	EndGlobalSection
	GlobalSection(NestedProjects) = preSolution
		{73B1DAD4-E456-4EF1-AC13-ED00917161E7} = {7C218A86-81F6-47D0-B1D2-DB82D12E84B5}
		{E05F49AC-AB87-44CF-A7DB-D882A6BFCF8A} = {7C218A86-81F6-47D0-B1D2-DB82D12E84B5}
		{D7B16F75-39DD-4718-9CF7-D15F35BCC2AD} = {7C218A86-81F6-47D0-B1D2-DB82D12E84B5}
		{27DD6C82-22BE-45EE-96D0-C6A16AA1D485} = {DB402053-994A-4E92-B13D-8B60A74C2943}
		{CE45EA76-141D-4C01-AA6C-A67D9F8E95AE} = {7C218A86-81F6-47D0-B1D2-DB82D12E84B5}
		{6869D4E7-CD5C-440D-B3AF-E854CBFB6F2F} = {DB402053-994A-4E92-B13D-8B60A74C2943}
		{D8C8B0C7-0F41-4526-94D8-461B366CDB67} = {9957B67D-8887-4CD1-A277-BB0B3888F108}
		{3E817522-48B3-4692-978C-6C43051F3BE0} = {9957B67D-8887-4CD1-A277-BB0B3888F108}
		{B5B71559-16FD-40BA-8192-B43FB7B5A613} = {9957B67D-8887-4CD1-A277-BB0B3888F108}
		{4277B664-D599-4845-BE82-C254D4BB68CB} = {9957B67D-8887-4CD1-A277-BB0B3888F108}
	EndGlobalSection
	GlobalSection(ExtensibilityGlobals) = postSolution
		SolutionGuid = {AF84EBC7-CB36-46A4-BC1C-4E7580EDDC32}
	EndGlobalSection
EndGlobal
